
Microsoft Visual Studio Solution File, Format Version 12.00
# Visual Studio Version 16
VisualStudioVersion = 25.0.1700.0
MinimumVisualStudioVersion = 10.0.40219.1
Project("{FAE04EC0-301F-11D3-BF4B-00C04F79EFBC}") = "Yatter.UI.ListBuilder.Serialization", "Yatter.UI.ListBuilder.Serialization/Yatter.UI.ListBuilder.Serialization.csproj", "{C11AA946-F803-41B6-8F75-E0CD6C3FC9CE}"
EndProject
Global
	GlobalSection(SolutionConfigurationPlatforms) = preSolution
		Debug|Any CPU = Debug|Any CPU
		Release|Any CPU = Release|Any CPU
	EndGlobalSection
	GlobalSection(ProjectConfigurationPlatforms) = postSolution
		{C11AA946-F803-41B6-8F75-E0CD6C3FC9CE}.Debug|Any CPU.ActiveCfg = Debug|Any CPU
		{C11AA946-F803-41B6-8F75-E0CD6C3FC9CE}.Debug|Any CPU.Build.0 = Debug|Any CPU
		{C11AA946-F803-41B6-8F75-E0CD6C3FC9CE}.Release|Any CPU.ActiveCfg = Release|Any CPU
		{C11AA946-F803-41B6-8F75-E0CD6C3FC9CE}.Release|Any CPU.Build.0 = Release|Any CPU
	EndGlobalSection
	GlobalSection(SolutionProperties) = preSolution
		HideSolutionNode = FALSE
	EndGlobalSection
	GlobalSection(ExtensibilityGlobals) = postSolution
		SolutionGuid = {08D1E4AE-C3BD-4A71-8CD2-1F2F5146C53C}
	EndGlobalSection
EndGlobal
